
Microsoft Visual Studio Solution File, Format Version 12.00
# Visual Studio Version 16
VisualStudioVersion = 16.0.31729.503
MinimumVisualStudioVersion = 10.0.40219.1
Project("{FAE04EC0-301F-11D3-BF4B-00C04F79EFBC}") = "PraticaPOO-RPG", "PraticaPOO-RPG\PraticaPOO-RPG.csproj", "{06B1EBF8-4364-48B4-BEFA-F2A7252AF45B}"
EndProject
Global
	GlobalSection(SolutionConfigurationPlatforms) = preSolution
		Debug|Any CPU = Debug|Any CPU
		Release|Any CPU = Release|Any CPU
	EndGlobalSection
	GlobalSection(ProjectConfigurationPlatforms) = postSolution
		{06B1EBF8-4364-48B4-BEFA-F2A7252AF45B}.Debug|Any CPU.ActiveCfg = Debug|Any CPU
		{06B1EBF8-4364-48B4-BEFA-F2A7252AF45B}.Debug|Any CPU.Build.0 = Debug|Any CPU
		{06B1EBF8-4364-48B4-BEFA-F2A7252AF45B}.Release|Any CPU.ActiveCfg = Release|Any CPU
		{06B1EBF8-4364-48B4-BEFA-F2A7252AF45B}.Release|Any CPU.Build.0 = Release|Any CPU
	EndGlobalSection
	GlobalSection(SolutionProperties) = preSolution
		HideSolutionNode = FALSE
	EndGlobalSection
	GlobalSection(ExtensibilityGlobals) = postSolution
		SolutionGuid = {9B935FCD-8189-4A4C-987D-9E4FA2CAE393}
	EndGlobalSection
EndGlobal
